
Microsoft Visual Studio Solution File, Format Version 12.00
# Visual Studio Version 17
VisualStudioVersion = 17.8.34525.116
MinimumVisualStudioVersion = 10.0.40219.1
Project("{FAE04EC0-301F-11D3-BF4B-00C04F79EFBC}") = "Pinnacle", "Pinnacle.csproj", "{0DB59A98-6195-4F25-A3CD-D6E5F0510D51}"
EndProject
Global
	GlobalSection(SolutionConfigurationPlatforms) = preSolution
		Debug|Any CPU = Debug|Any CPU
		Release|Any CPU = Release|Any CPU
	EndGlobalSection
	GlobalSection(ProjectConfigurationPlatforms) = postSolution
		{0DB59A98-6195-4F25-A3CD-D6E5F0510D51}.Debug|Any CPU.ActiveCfg = Debug|Any CPU
		{0DB59A98-6195-4F25-A3CD-D6E5F0510D51}.Debug|Any CPU.Build.0 = Debug|Any CPU
		{0DB59A98-6195-4F25-A3CD-D6E5F0510D51}.Release|Any CPU.ActiveCfg = Release|Any CPU
		{0DB59A98-6195-4F25-A3CD-D6E5F0510D51}.Release|Any CPU.Build.0 = Release|Any CPU
	EndGlobalSection
	GlobalSection(SolutionProperties) = preSolution
		HideSolutionNode = FALSE
	EndGlobalSection
	GlobalSection(ExtensibilityGlobals) = postSolution
		SolutionGuid = {B45AC146-96C0-41BF-B665-67804F976D2C}
	EndGlobalSection
EndGlobal
